
Microsoft Visual Studio Solution File, Format Version 12.00
# Visual Studio Version 17
VisualStudioVersion = 17.5.33530.505
MinimumVisualStudioVersion = 10.0.40219.1
Project("{FAE04EC0-301F-11D3-BF4B-00C04F79EFBC}") = "Git", "Git\Git.csproj", "{EDF4E2B1-869A-4A50-AA32-59994FB9A3B7}"
EndProject
Global
	GlobalSection(SolutionConfigurationPlatforms) = preSolution
		Debug|Any CPU = Debug|Any CPU
		Release|Any CPU = Release|Any CPU
	EndGlobalSection
	GlobalSection(ProjectConfigurationPlatforms) = postSolution
		{EDF4E2B1-869A-4A50-AA32-59994FB9A3B7}.Debug|Any CPU.ActiveCfg = Debug|Any CPU
		{EDF4E2B1-869A-4A50-AA32-59994FB9A3B7}.Debug|Any CPU.Build.0 = Debug|Any CPU
		{EDF4E2B1-869A-4A50-AA32-59994FB9A3B7}.Release|Any CPU.ActiveCfg = Release|Any CPU
		{EDF4E2B1-869A-4A50-AA32-59994FB9A3B7}.Release|Any CPU.Build.0 = Release|Any CPU
	EndGlobalSection
	GlobalSection(SolutionProperties) = preSolution
		HideSolutionNode = FALSE
	EndGlobalSection
	GlobalSection(ExtensibilityGlobals) = postSolution
		SolutionGuid = {58649E8C-9207-441D-AC29-679ADB88942B}
	EndGlobalSection
EndGlobal
